// !$*UTF8*$!
{
	archiveVersion = 1;
	classes = {
	};
	objectVersion = 56;
	objects = {

/* Begin PBXBuildFile section */
		D8095A9C2C43FA0500DE3789 /* Assets.xcassets in Resources */ = {isa = PBXBuildFile; fileRef = D8095A9B2C43FA0500DE3789 /* Assets.xcassets */; };
		D8095A9F2C43FA0500DE3789 /* Preview Assets.xcassets in Resources */ = {isa = PBXBuildFile; fileRef = D8095A9E2C43FA0500DE3789 /* Preview Assets.xcassets */; };
		D8095AC22C43FA2E00DE3789 /* UIWindow+Extension.swift in Sources */ = {isa = PBXBuildFile; fileRef = D8095AC12C43FA2E00DE3789 /* UIWindow+Extension.swift */; };
		D8095AC42C43FA5900DE3789 /* NotificationScheduler.swift in Sources */ = {isa = PBXBuildFile; fileRef = D8095AC32C43FA5900DE3789 /* NotificationScheduler.swift */; };
		D8095AC82C43FB5400DE3789 /* AppDelegate.swift in Sources */ = {isa = PBXBuildFile; fileRef = D8095AC72C43FB5400DE3789 /* AppDelegate.swift */; };
		D8095ACA2C43FC0200DE3789 /* MainAlarmView.swift in Sources */ = {isa = PBXBuildFile; fileRef = D8095AC92C43FC0100DE3789 /* MainAlarmView.swift */; };
		D8095ACD2C43FC3B00DE3789 /* AlarmAddEditView.swift in Sources */ = {isa = PBXBuildFile; fileRef = D8095ACC2C43FC3B00DE3789 /* AlarmAddEditView.swift */; };
		D8095ACF2C43FCCF00DE3789 /* UITableView+Extension.swift in Sources */ = {isa = PBXBuildFile; fileRef = D8095ACE2C43FCCF00DE3789 /* UITableView+Extension.swift */; };
		D8095AD12C43FD4700DE3789 /* Identifier.swift in Sources */ = {isa = PBXBuildFile; fileRef = D8095AD02C43FD4700DE3789 /* Identifier.swift */; };
		D8095AD32C43FD9600DE3789 /* MediaView.swift in Sources */ = {isa = PBXBuildFile; fileRef = D8095AD22C43FD9600DE3789 /* MediaView.swift */; };
		D8095AD52C43FDAF00DE3789 /* WeekdaysView.swift in Sources */ = {isa = PBXBuildFile; fileRef = D8095AD42C43FDAF00DE3789 /* WeekdaysView.swift */; };
		D8095AD72C43FDCB00DE3789 /* LabelEditView.swift in Sources */ = {isa = PBXBuildFile; fileRef = D8095AD62C43FDCB00DE3789 /* LabelEditView.swift */; };
		D8095AD92C43FDE300DE3789 /* Alarm.swift in Sources */ = {isa = PBXBuildFile; fileRef = D8095AD82C43FDE300DE3789 /* Alarm.swift */; };
		D8095ADC2C43FE5900DE3789 /* Alarms.swift in Sources */ = {isa = PBXBuildFile; fileRef = D8095ADB2C43FE5900DE3789 /* Alarms.swift */; };
		D8095ADE2C43FE6700DE3789 /* Store.swift in Sources */ = {isa = PBXBuildFile; fileRef = D8095ADD2C43FE6700DE3789 /* Store.swift */; };
		D8095AE12C43FF1300DE3789 /* AlarmApplicationDelegate.swift in Sources */ = {isa = PBXBuildFile; fileRef = D8095AE02C43FF1300DE3789 /* AlarmApplicationDelegate.swift */; };
		D8095AE32C43FF3700DE3789 /* NotificationSchedulerDelegate.swift in Sources */ = {isa = PBXBuildFile; fileRef = D8095AE22C43FF3700DE3789 /* NotificationSchedulerDelegate.swift */; };
		D8095AE82C4400C900DE3789 /* bell.mp3 in Resources */ = {isa = PBXBuildFile; fileRef = D8095AE52C4400C800DE3789 /* bell.mp3 */; };
		D8095AEA2C4400C900DE3789 /* tickle.mp3 in Resources */ = {isa = PBXBuildFile; fileRef = D8095AE72C4400C900DE3789 /* tickle.mp3 */; };
		D8095AED2C441B1700DE3789 /* QRAlarm_v3.swift in Sources */ = {isa = PBXBuildFile; fileRef = D8095AEC2C441B1700DE3789 /* QRAlarm_v3.swift */; };
		D8095AEF2C442D9500DE3789 /* AlarmStopView.swift in Sources */ = {isa = PBXBuildFile; fileRef = D8095AEE2C442D9400DE3789 /* AlarmStopView.swift */; };
		D8095AF12C445E2300DE3789 /* BarcodeScannerViewController.swift in Sources */ = {isa = PBXBuildFile; fileRef = D8095AF02C445E2300DE3789 /* BarcodeScannerViewController.swift */; };
		D8095AF42C44BE9100DE3789 /* SplashScreenView.swift in Sources */ = {isa = PBXBuildFile; fileRef = D8095AF32C44BE9100DE3789 /* SplashScreenView.swift */; };
		D8095AF62C44BF4200DE3789 /* firock.png in Resources */ = {isa = PBXBuildFile; fileRef = D8095AF52C44BF4200DE3789 /* firock.png */; };
/* End PBXBuildFile section */

/* Begin PBXContainerItemProxy section */
		D8095AA52C43FA0500DE3789 /* PBXContainerItemProxy */ = {
			isa = PBXContainerItemProxy;
			containerPortal = D8095A8C2C43FA0200DE3789 /* Project object */;
			proxyType = 1;
			remoteGlobalIDString = D8095A932C43FA0200DE3789;
			remoteInfo = QRAlarm_v3;
		};
		D8095AAF2C43FA0500DE3789 /* PBXContainerItemProxy */ = {
			isa = PBXContainerItemProxy;
			containerPortal = D8095A8C2C43FA0200DE3789 /* Project object */;
			proxyType = 1;
			remoteGlobalIDString = D8095A932C43FA0200DE3789;
			remoteInfo = QRAlarm_v3;
		};
/* End PBXContainerItemProxy section */

/* Begin PBXFileReference section */
		D8095A942C43FA0200DE3789 /* QRAlarm_v3.app */ = {isa = PBXFileReference; explicitFileType = wrapper.application; includeInIndex = 0; path = QRAlarm_v3.app; sourceTree = BUILT_PRODUCTS_DIR; };
		D8095A9B2C43FA0500DE3789 /* Assets.xcassets */ = {isa = PBXFileReference; lastKnownFileType = folder.assetcatalog; path = Assets.xcassets; sourceTree = "<group>"; };
		D8095A9E2C43FA0500DE3789 /* Preview Assets.xcassets */ = {isa = PBXFileReference; lastKnownFileType = folder.assetcatalog; path = "Preview Assets.xcassets"; sourceTree = "<group>"; };
		D8095AA42C43FA0500DE3789 /* QRAlarm_v3Tests.xctest */ = {isa = PBXFileReference; explicitFileType = wrapper.cfbundle; includeInIndex = 0; path = QRAlarm_v3Tests.xctest; sourceTree = BUILT_PRODUCTS_DIR; };
		D8095AAE2C43FA0500DE3789 /* QRAlarm_v3UITests.xctest */ = {isa = PBXFileReference; explicitFileType = wrapper.cfbundle; includeInIndex = 0; path = QRAlarm_v3UITests.xctest; sourceTree = BUILT_PRODUCTS_DIR; };
		D8095AC12C43FA2E00DE3789 /* UIWindow+Extension.swift */ = {isa = PBXFileReference; lastKnownFileType = sourcecode.swift; path = "UIWindow+Extension.swift"; sourceTree = "<group>"; };
		D8095AC32C43FA5900DE3789 /* NotificationScheduler.swift */ = {isa = PBXFileReference; lastKnownFileType = sourcecode.swift; path = NotificationScheduler.swift; sourceTree = "<group>"; };
		D8095AC72C43FB5400DE3789 /* AppDelegate.swift */ = {isa = PBXFileReference; lastKnownFileType = sourcecode.swift; path = AppDelegate.swift; sourceTree = "<group>"; };
		D8095AC92C43FC0100DE3789 /* MainAlarmView.swift */ = {isa = PBXFileReference; lastKnownFileType = sourcecode.swift; path = MainAlarmView.swift; sourceTree = "<group>"; };
		D8095ACC2C43FC3B00DE3789 /* AlarmAddEditView.swift */ = {isa = PBXFileReference; lastKnownFileType = sourcecode.swift; path = AlarmAddEditView.swift; sourceTree = "<group>"; };
		D8095ACE2C43FCCF00DE3789 /* UITableView+Extension.swift */ = {isa = PBXFileReference; lastKnownFileType = sourcecode.swift; path = "UITableView+Extension.swift"; sourceTree = "<group>"; };
		D8095AD02C43FD4700DE3789 /* Identifier.swift */ = {isa = PBXFileReference; lastKnownFileType = sourcecode.swift; path = Identifier.swift; sourceTree = "<group>"; };
		D8095AD22C43FD9600DE3789 /* MediaView.swift */ = {isa = PBXFileReference; lastKnownFileType = sourcecode.swift; path = MediaView.swift; sourceTree = "<group>"; };
		D8095AD42C43FDAF00DE3789 /* WeekdaysView.swift */ = {isa = PBXFileReference; lastKnownFileType = sourcecode.swift; path = WeekdaysView.swift; sourceTree = "<group>"; };
		D8095AD62C43FDCB00DE3789 /* LabelEditView.swift */ = {isa = PBXFileReference; lastKnownFileType = sourcecode.swift; path = LabelEditView.swift; sourceTree = "<group>"; };
		D8095AD82C43FDE300DE3789 /* Alarm.swift */ = {isa = PBXFileReference; lastKnownFileType = sourcecode.swift; path = Alarm.swift; sourceTree = "<group>"; };
		D8095ADB2C43FE5900DE3789 /* Alarms.swift */ = {isa = PBXFileReference; lastKnownFileType = sourcecode.swift; path = Alarms.swift; sourceTree = "<group>"; };
		D8095ADD2C43FE6700DE3789 /* Store.swift */ = {isa = PBXFileReference; lastKnownFileType = sourcecode.swift; path = Store.swift; sourceTree = "<group>"; };
		D8095AE02C43FF1300DE3789 /* AlarmApplicationDelegate.swift */ = {isa = PBXFileReference; lastKnownFileType = sourcecode.swift; path = AlarmApplicationDelegate.swift; sourceTree = "<group>"; };
		D8095AE22C43FF3700DE3789 /* NotificationSchedulerDelegate.swift */ = {isa = PBXFileReference; lastKnownFileType = sourcecode.swift; path = NotificationSchedulerDelegate.swift; sourceTree = "<group>"; };
		D8095AE52C4400C800DE3789 /* bell.mp3 */ = {isa = PBXFileReference; lastKnownFileType = audio.mp3; path = bell.mp3; sourceTree = "<group>"; };
		D8095AE72C4400C900DE3789 /* tickle.mp3 */ = {isa = PBXFileReference; lastKnownFileType = audio.mp3; path = tickle.mp3; sourceTree = "<group>"; };
		D8095AEC2C441B1700DE3789 /* QRAlarm_v3.swift */ = {isa = PBXFileReference; lastKnownFileType = sourcecode.swift; path = QRAlarm_v3.swift; sourceTree = "<group>"; };
		D8095AEE2C442D9400DE3789 /* AlarmStopView.swift */ = {isa = PBXFileReference; lastKnownFileType = sourcecode.swift; path = AlarmStopView.swift; sourceTree = "<group>"; };
		D8095AF02C445E2300DE3789 /* BarcodeScannerViewController.swift */ = {isa = PBXFileReference; lastKnownFileType = sourcecode.swift; path = BarcodeScannerViewController.swift; sourceTree = "<group>"; };
		D8095AF22C446CA100DE3789 /* QRAlarm-v3-Info.plist */ = {isa = PBXFileReference; lastKnownFileType = text.plist; path = "QRAlarm-v3-Info.plist"; sourceTree = SOURCE_ROOT; };
		D8095AF32C44BE9100DE3789 /* SplashScreenView.swift */ = {isa = PBXFileReference; lastKnownFileType = sourcecode.swift; path = SplashScreenView.swift; sourceTree = "<group>"; };
		D8095AF52C44BF4200DE3789 /* firock.png */ = {isa = PBXFileReference; lastKnownFileType = image.png; path = firock.png; sourceTree = "<group>"; };
/* End PBXFileReference section */

/* Begin PBXFrameworksBuildPhase section */
		D8095A912C43FA0200DE3789 /* Frameworks */ = {
			isa = PBXFrameworksBuildPhase;
			buildActionMask = 2147483647;
			files = (
			);
			runOnlyForDeploymentPostprocessing = 0;
		};
		D8095AA12C43FA0500DE3789 /* Frameworks */ = {
			isa = PBXFrameworksBuildPhase;
			buildActionMask = 2147483647;
			files = (
			);
			runOnlyForDeploymentPostprocessing = 0;
		};
		D8095AAB2C43FA0500DE3789 /* Frameworks */ = {
			isa = PBXFrameworksBuildPhase;
			buildActionMask = 2147483647;
			files = (
			);
			runOnlyForDeploymentPostprocessing = 0;
		};
/* End PBXFrameworksBuildPhase section */

/* Begin PBXGroup section */
		D8095A8B2C43FA0200DE3789 = {
			isa = PBXGroup;
			children = (
				D8095A962C43FA0200DE3789 /* QRAlarm_v3 */,
				D8095A952C43FA0200DE3789 /* Products */,
			);
			sourceTree = "<group>";
		};
		D8095A952C43FA0200DE3789 /* Products */ = {
			isa = PBXGroup;
			children = (
				D8095A942C43FA0200DE3789 /* QRAlarm_v3.app */,
				D8095AA42C43FA0500DE3789 /* QRAlarm_v3Tests.xctest */,
				D8095AAE2C43FA0500DE3789 /* QRAlarm_v3UITests.xctest */,
			);
			name = Products;
			sourceTree = "<group>";
		};
		D8095A962C43FA0200DE3789 /* QRAlarm_v3 */ = {
			isa = PBXGroup;
			children = (
				D8095AF22C446CA100DE3789 /* QRAlarm-v3-Info.plist */,
				D8095AF52C44BF4200DE3789 /* firock.png */,
				D8095A9B2C43FA0500DE3789 /* Assets.xcassets */,
				D8095AC52C43FAF900DE3789 /* Extension */,
				D8095AC62C43FB1D00DE3789 /* App */,
				D8095ACB2C43FC1200DE3789 /* Controller */,
				D8095ADA2C43FDEF00DE3789 /* Model */,
				D8095AE42C44007700DE3789 /* Supporting Files */,
				D8095ADF2C43FEF700DE3789 /* Protocol */,
				D8095A9D2C43FA0500DE3789 /* Preview Content */,
			);
			path = QRAlarm_v3;
			sourceTree = "<group>";
		};
		D8095A9D2C43FA0500DE3789 /* Preview Content */ = {
			isa = PBXGroup;
			children = (
				D8095A9E2C43FA0500DE3789 /* Preview Assets.xcassets */,
			);
			path = "Preview Content";
			sourceTree = "<group>";
		};
		D8095AC52C43FAF900DE3789 /* Extension */ = {
			isa = PBXGroup;
			children = (
				D8095AC12C43FA2E00DE3789 /* UIWindow+Extension.swift */,
				D8095ACE2C43FCCF00DE3789 /* UITableView+Extension.swift */,
			);
			path = Extension;
			sourceTree = "<group>";
		};
		D8095AC62C43FB1D00DE3789 /* App */ = {
			isa = PBXGroup;
			children = (
				D8095AC32C43FA5900DE3789 /* NotificationScheduler.swift */,
				D8095AC72C43FB5400DE3789 /* AppDelegate.swift */,
				D8095AD02C43FD4700DE3789 /* Identifier.swift */,
			);
			path = App;
			sourceTree = "<group>";
		};
		D8095ACB2C43FC1200DE3789 /* Controller */ = {
			isa = PBXGroup;
			children = (
				D8095AEC2C441B1700DE3789 /* QRAlarm_v3.swift */,
				D8095AF32C44BE9100DE3789 /* SplashScreenView.swift */,
				D8095AF02C445E2300DE3789 /* BarcodeScannerViewController.swift */,
				D8095AEE2C442D9400DE3789 /* AlarmStopView.swift */,
				D8095AC92C43FC0100DE3789 /* MainAlarmView.swift */,
				D8095ACC2C43FC3B00DE3789 /* AlarmAddEditView.swift */,
				D8095AD22C43FD9600DE3789 /* MediaView.swift */,
				D8095AD42C43FDAF00DE3789 /* WeekdaysView.swift */,
				D8095AD62C43FDCB00DE3789 /* LabelEditView.swift */,
			);
			path = Controller;
			sourceTree = "<group>";
		};
		D8095ADA2C43FDEF00DE3789 /* Model */ = {
			isa = PBXGroup;
			children = (
				D8095AD82C43FDE300DE3789 /* Alarm.swift */,
				D8095ADB2C43FE5900DE3789 /* Alarms.swift */,
				D8095ADD2C43FE6700DE3789 /* Store.swift */,
			);
			path = Model;
			sourceTree = "<group>";
		};
		D8095ADF2C43FEF700DE3789 /* Protocol */ = {
			isa = PBXGroup;
			children = (
				D8095AE02C43FF1300DE3789 /* AlarmApplicationDelegate.swift */,
				D8095AE22C43FF3700DE3789 /* NotificationSchedulerDelegate.swift */,
			);
			path = Protocol;
			sourceTree = "<group>";
		};
		D8095AE42C44007700DE3789 /* Supporting Files */ = {
			isa = PBXGroup;
			children = (
				D8095AE52C4400C800DE3789 /* bell.mp3 */,
				D8095AE72C4400C900DE3789 /* tickle.mp3 */,
			);
			path = "Supporting Files";
			sourceTree = "<group>";
		};
/* End PBXGroup section */

/* Begin PBXNativeTarget section */
		D8095A932C43FA0200DE3789 /* QRAlarm_v3 */ = {
			isa = PBXNativeTarget;
			buildConfigurationList = D8095AB82C43FA0500DE3789 /* Build configuration list for PBXNativeTarget "QRAlarm_v3" */;
			buildPhases = (
				D8095A902C43FA0200DE3789 /* Sources */,
				D8095A912C43FA0200DE3789 /* Frameworks */,
				D8095A922C43FA0200DE3789 /* Resources */,
			);
			buildRules = (
			);
			dependencies = (
			);
			name = QRAlarm_v3;
			productName = QRAlarm_v3;
			productReference = D8095A942C43FA0200DE3789 /* QRAlarm_v3.app */;
			productType = "com.apple.product-type.application";
		};
		D8095AA32C43FA0500DE3789 /* QRAlarm_v3Tests */ = {
			isa = PBXNativeTarget;
			buildConfigurationList = D8095ABB2C43FA0500DE3789 /* Build configuration list for PBXNativeTarget "QRAlarm_v3Tests" */;
			buildPhases = (
				D8095AA02C43FA0500DE3789 /* Sources */,
				D8095AA12C43FA0500DE3789 /* Frameworks */,
				D8095AA22C43FA0500DE3789 /* Resources */,
			);
			buildRules = (
			);
			dependencies = (
				D8095AA62C43FA0500DE3789 /* PBXTargetDependency */,
			);
			name = QRAlarm_v3Tests;
			productName = QRAlarm_v3Tests;
			productReference = D8095AA42C43FA0500DE3789 /* QRAlarm_v3Tests.xctest */;
			productType = "com.apple.product-type.bundle.unit-test";
		};
		D8095AAD2C43FA0500DE3789 /* QRAlarm_v3UITests */ = {
			isa = PBXNativeTarget;
			buildConfigurationList = D8095ABE2C43FA0500DE3789 /* Build configuration list for PBXNativeTarget "QRAlarm_v3UITests" */;
			buildPhases = (
				D8095AAA2C43FA0500DE3789 /* Sources */,
				D8095AAB2C43FA0500DE3789 /* Frameworks */,
				D8095AAC2C43FA0500DE3789 /* Resources */,
			);
			buildRules = (
			);
			dependencies = (
				D8095AB02C43FA0500DE3789 /* PBXTargetDependency */,
			);
			name = QRAlarm_v3UITests;
			productName = QRAlarm_v3UITests;
			productReference = D8095AAE2C43FA0500DE3789 /* QRAlarm_v3UITests.xctest */;
			productType = "com.apple.product-type.bundle.ui-testing";
		};
/* End PBXNativeTarget section */

/* Begin PBXProject section */
		D8095A8C2C43FA0200DE3789 /* Project object */ = {
			isa = PBXProject;
			attributes = {
				BuildIndependentTargetsInParallel = 1;
				LastSwiftUpdateCheck = 1540;
				LastUpgradeCheck = 1540;
				TargetAttributes = {
					D8095A932C43FA0200DE3789 = {
						CreatedOnToolsVersion = 15.4;
					};
					D8095AA32C43FA0500DE3789 = {
						CreatedOnToolsVersion = 15.4;
						TestTargetID = D8095A932C43FA0200DE3789;
					};
					D8095AAD2C43FA0500DE3789 = {
						CreatedOnToolsVersion = 15.4;
						TestTargetID = D8095A932C43FA0200DE3789;
					};
				};
			};
			buildConfigurationList = D8095A8F2C43FA0200DE3789 /* Build configuration list for PBXProject "QRAlarm_v3" */;
			compatibilityVersion = "Xcode 14.0";
			developmentRegion = en;
			hasScannedForEncodings = 0;
			knownRegions = (
				en,
				Base,
			);
			mainGroup = D8095A8B2C43FA0200DE3789;
			productRefGroup = D8095A952C43FA0200DE3789 /* Products */;
			projectDirPath = "";
			projectRoot = "";
			targets = (
				D8095A932C43FA0200DE3789 /* QRAlarm_v3 */,
				D8095AA32C43FA0500DE3789 /* QRAlarm_v3Tests */,
				D8095AAD2C43FA0500DE3789 /* QRAlarm_v3UITests */,
			);
		};
/* End PBXProject section */

/* Begin PBXResourcesBuildPhase section */
		D8095A922C43FA0200DE3789 /* Resources */ = {
			isa = PBXResourcesBuildPhase;
			buildActionMask = 2147483647;
			files = (
				D8095A9F2C43FA0500DE3789 /* Preview Assets.xcassets in Resources */,
				D8095A9C2C43FA0500DE3789 /* Assets.xcassets in Resources */,
				D8095AF62C44BF4200DE3789 /* firock.png in Resources */,
				D8095AE82C4400C900DE3789 /* bell.mp3 in Resources */,
				D8095AEA2C4400C900DE3789 /* tickle.mp3 in Resources */,
			);
			runOnlyForDeploymentPostprocessing = 0;
		};
		D8095AA22C43FA0500DE3789 /* Resources */ = {
			isa = PBXResourcesBuildPhase;
			buildActionMask = 2147483647;
			files = (
			);
			runOnlyForDeploymentPostprocessing = 0;
		};
		D8095AAC2C43FA0500DE3789 /* Resources */ = {
			isa = PBXResourcesBuildPhase;
			buildActionMask = 2147483647;
			files = (
			);
			runOnlyForDeploymentPostprocessing = 0;
		};
/* End PBXResourcesBuildPhase section */

/* Begin PBXSourcesBuildPhase section */
		D8095A902C43FA0200DE3789 /* Sources */ = {
			isa = PBXSourcesBuildPhase;
			buildActionMask = 2147483647;
			files = (
				D8095AC82C43FB5400DE3789 /* AppDelegate.swift in Sources */,
				D8095AE32C43FF3700DE3789 /* NotificationSchedulerDelegate.swift in Sources */,
				D8095AD52C43FDAF00DE3789 /* WeekdaysView.swift in Sources */,
				D8095AED2C441B1700DE3789 /* QRAlarm_v3.swift in Sources */,
				D8095AC42C43FA5900DE3789 /* NotificationScheduler.swift in Sources */,
				D8095AC22C43FA2E00DE3789 /* UIWindow+Extension.swift in Sources */,
				D8095AD12C43FD4700DE3789 /* Identifier.swift in Sources */,
				D8095AEF2C442D9500DE3789 /* AlarmStopView.swift in Sources */,
				D8095AF12C445E2300DE3789 /* BarcodeScannerViewController.swift in Sources */,
				D8095ACD2C43FC3B00DE3789 /* AlarmAddEditView.swift in Sources */,
				D8095AD32C43FD9600DE3789 /* MediaView.swift in Sources */,
				D8095AF42C44BE9100DE3789 /* SplashScreenView.swift in Sources */,
				D8095ADE2C43FE6700DE3789 /* Store.swift in Sources */,
				D8095ACA2C43FC0200DE3789 /* MainAlarmView.swift in Sources */,
				D8095ACF2C43FCCF00DE3789 /* UITableView+Extension.swift in Sources */,
				D8095AD72C43FDCB00DE3789 /* LabelEditView.swift in Sources */,
				D8095AE12C43FF1300DE3789 /* AlarmApplicationDelegate.swift in Sources */,
				D8095AD92C43FDE300DE3789 /* Alarm.swift in Sources */,
				D8095ADC2C43FE5900DE3789 /* Alarms.swift in Sources */,
			);
			runOnlyForDeploymentPostprocessing = 0;
		};
		D8095AA02C43FA0500DE3789 /* Sources */ = {
			isa = PBXSourcesBuildPhase;
			buildActionMask = 2147483647;
			files = (
			);
			runOnlyForDeploymentPostprocessing = 0;
		};
		D8095AAA2C43FA0500DE3789 /* Sources */ = {
			isa = PBXSourcesBuildPhase;
			buildActionMask = 2147483647;
			files = (
			);
			runOnlyForDeploymentPostprocessing = 0;
		};
/* End PBXSourcesBuildPhase section */

/* Begin PBXTargetDependency section */
		D8095AA62C43FA0500DE3789 /* PBXTargetDependency */ = {
			isa = PBXTargetDependency;
			target = D8095A932C43FA0200DE3789 /* QRAlarm_v3 */;
			targetProxy = D8095AA52C43FA0500DE3789 /* PBXContainerItemProxy */;
		};
		D8095AB02C43FA0500DE3789 /* PBXTargetDependency */ = {
			isa = PBXTargetDependency;
			target = D8095A932C43FA0200DE3789 /* QRAlarm_v3 */;
			targetProxy = D8095AAF2C43FA0500DE3789 /* PBXContainerItemProxy */;
		};
/* End PBXTargetDependency section */

/* Begin XCBuildConfiguration section */
		D8095AB62C43FA0500DE3789 /* Debug */ = {
			isa = XCBuildConfiguration;
			buildSettings = {
				ALWAYS_SEARCH_USER_PATHS = NO;
				ASSETCATALOG_COMPILER_GENERATE_SWIFT_ASSET_SYMBOL_EXTENSIONS = YES;
				CLANG_ANALYZER_NONNULL = YES;
				CLANG_ANALYZER_NUMBER_OBJECT_CONVERSION = YES_AGGRESSIVE;
				CLANG_CXX_LANGUAGE_STANDARD = "gnu++20";
				CLANG_ENABLE_MODULES = YES;
				CLANG_ENABLE_OBJC_ARC = YES;
				CLANG_ENABLE_OBJC_WEAK = YES;
				CLANG_WARN_BLOCK_CAPTURE_AUTORELEASING = YES;
				CLANG_WARN_BOOL_CONVERSION = YES;
				CLANG_WARN_COMMA = YES;
				CLANG_WARN_CONSTANT_CONVERSION = YES;
				CLANG_WARN_DEPRECATED_OBJC_IMPLEMENTATIONS = YES;
				CLANG_WARN_DIRECT_OBJC_ISA_USAGE = YES_ERROR;
				CLANG_WARN_DOCUMENTATION_COMMENTS = YES;
				CLANG_WARN_EMPTY_BODY = YES;
				CLANG_WARN_ENUM_CONVERSION = YES;
				CLANG_WARN_INFINITE_RECURSION = YES;
				CLANG_WARN_INT_CONVERSION = YES;
				CLANG_WARN_NON_LITERAL_NULL_CONVERSION = YES;
				CLANG_WARN_OBJC_IMPLICIT_RETAIN_SELF = YES;
				CLANG_WARN_OBJC_LITERAL_CONVERSION = YES;
				CLANG_WARN_OBJC_ROOT_CLASS = YES_ERROR;
				CLANG_WARN_QUOTED_INCLUDE_IN_FRAMEWORK_HEADER = YES;
				CLANG_WARN_RANGE_LOOP_ANALYSIS = YES;
				CLANG_WARN_STRICT_PROTOTYPES = YES;
				CLANG_WARN_SUSPICIOUS_MOVE = YES;
				CLANG_WARN_UNGUARDED_AVAILABILITY = YES_AGGRESSIVE;
				CLANG_WARN_UNREACHABLE_CODE = YES;
				CLANG_WARN__DUPLICATE_METHOD_MATCH = YES;
				COPY_PHASE_STRIP = NO;
				DEBUG_INFORMATION_FORMAT = dwarf;
				ENABLE_STRICT_OBJC_MSGSEND = YES;
				ENABLE_TESTABILITY = YES;
				ENABLE_USER_SCRIPT_SANDBOXING = YES;
				GCC_C_LANGUAGE_STANDARD = gnu17;
				GCC_DYNAMIC_NO_PIC = NO;
				GCC_NO_COMMON_BLOCKS = YES;
				GCC_OPTIMIZATION_LEVEL = 0;
				GCC_PREPROCESSOR_DEFINITIONS = (
					"DEBUG=1",
					"$(inherited)",
				);
				GCC_WARN_64_TO_32_BIT_CONVERSION = YES;
				GCC_WARN_ABOUT_RETURN_TYPE = YES_ERROR;
				GCC_WARN_UNDECLARED_SELECTOR = YES;
				GCC_WARN_UNINITIALIZED_AUTOS = YES_AGGRESSIVE;
				GCC_WARN_UNUSED_FUNCTION = YES;
				GCC_WARN_UNUSED_VARIABLE = YES;
				IPHONEOS_DEPLOYMENT_TARGET = 17.5;
				LOCALIZATION_PREFERS_STRING_CATALOGS = YES;
				MTL_ENABLE_DEBUG_INFO = INCLUDE_SOURCE;
				MTL_FAST_MATH = YES;
				ONLY_ACTIVE_ARCH = YES;
				SDKROOT = iphoneos;
				SWIFT_ACTIVE_COMPILATION_CONDITIONS = "DEBUG $(inherited)";
				SWIFT_OPTIMIZATION_LEVEL = "-Onone";
			};
			name = Debug;
		};
		D8095AB72C43FA0500DE3789 /* Release */ = {
			isa = XCBuildConfiguration;
			buildSettings = {
				ALWAYS_SEARCH_USER_PATHS = NO;
				ASSETCATALOG_COMPILER_GENERATE_SWIFT_ASSET_SYMBOL_EXTENSIONS = YES;
				CLANG_ANALYZER_NONNULL = YES;
				CLANG_ANALYZER_NUMBER_OBJECT_CONVERSION = YES_AGGRESSIVE;
				CLANG_CXX_LANGUAGE_STANDARD = "gnu++20";
				CLANG_ENABLE_MODULES = YES;
				CLANG_ENABLE_OBJC_ARC = YES;
				CLANG_ENABLE_OBJC_WEAK = YES;
				CLANG_WARN_BLOCK_CAPTURE_AUTORELEASING = YES;
				CLANG_WARN_BOOL_CONVERSION = YES;
				CLANG_WARN_COMMA = YES;
				CLANG_WARN_CONSTANT_CONVERSION = YES;
				CLANG_WARN_DEPRECATED_OBJC_IMPLEMENTATIONS = YES;
				CLANG_WARN_DIRECT_OBJC_ISA_USAGE = YES_ERROR;
				CLANG_WARN_DOCUMENTATION_COMMENTS = YES;
				CLANG_WARN_EMPTY_BODY = YES;
				CLANG_WARN_ENUM_CONVERSION = YES;
				CLANG_WARN_INFINITE_RECURSION = YES;
				CLANG_WARN_INT_CONVERSION = YES;
				CLANG_WARN_NON_LITERAL_NULL_CONVERSION = YES;
				CLANG_WARN_OBJC_IMPLICIT_RETAIN_SELF = YES;
				CLANG_WARN_OBJC_LITERAL_CONVERSION = YES;
				CLANG_WARN_OBJC_ROOT_CLASS = YES_ERROR;
				CLANG_WARN_QUOTED_INCLUDE_IN_FRAMEWORK_HEADER = YES;
				CLANG_WARN_RANGE_LOOP_ANALYSIS = YES;
				CLANG_WARN_STRICT_PROTOTYPES = YES;
				CLANG_WARN_SUSPICIOUS_MOVE = YES;
				CLANG_WARN_UNGUARDED_AVAILABILITY = YES_AGGRESSIVE;
				CLANG_WARN_UNREACHABLE_CODE = YES;
				CLANG_WARN__DUPLICATE_METHOD_MATCH = YES;
				COPY_PHASE_STRIP = NO;
				DEBUG_INFORMATION_FORMAT = "dwarf-with-dsym";
				ENABLE_NS_ASSERTIONS = NO;
				ENABLE_STRICT_OBJC_MSGSEND = YES;
				ENABLE_USER_SCRIPT_SANDBOXING = YES;
				GCC_C_LANGUAGE_STANDARD = gnu17;
				GCC_NO_COMMON_BLOCKS = YES;
				GCC_WARN_64_TO_32_BIT_CONVERSION = YES;
				GCC_WARN_ABOUT_RETURN_TYPE = YES_ERROR;
				GCC_WARN_UNDECLARED_SELECTOR = YES;
				GCC_WARN_UNINITIALIZED_AUTOS = YES_AGGRESSIVE;
				GCC_WARN_UNUSED_FUNCTION = YES;
				GCC_WARN_UNUSED_VARIABLE = YES;
				IPHONEOS_DEPLOYMENT_TARGET = 17.5;
				LOCALIZATION_PREFERS_STRING_CATALOGS = YES;
				MTL_ENABLE_DEBUG_INFO = NO;
				MTL_FAST_MATH = YES;
				SDKROOT = iphoneos;
				SWIFT_COMPILATION_MODE = wholemodule;
				VALIDATE_PRODUCT = YES;
			};
			name = Release;
		};
		D8095AB92C43FA0500DE3789 /* Debug */ = {
			isa = XCBuildConfiguration;
			buildSettings = {
				ASSETCATALOG_COMPILER_APPICON_NAME = AppIcon;
				ASSETCATALOG_COMPILER_GLOBAL_ACCENT_COLOR_NAME = AccentColor;
				CODE_SIGN_STYLE = Automatic;
				CURRENT_PROJECT_VERSION = 1;
				DEVELOPMENT_ASSET_PATHS = "\"QRAlarm_v3/Preview Content\"";
				DEVELOPMENT_TEAM = YDT7U64PBK;
				ENABLE_PREVIEWS = YES;
				GENERATE_INFOPLIST_FILE = YES;
				INFOPLIST_FILE = "QRAlarm-v3-Info.plist";
				INFOPLIST_KEY_CFBundleDisplayName = "バーコード目覚まし";
				INFOPLIST_KEY_NSCameraUsageDescription = "バーコードの読み取りにカメラを使用します";
				INFOPLIST_KEY_NSUserTrackingUsageDescription = "ユーザー体験の向上の為情報収集を行います";
				INFOPLIST_KEY_UIApplicationSceneManifest_Generation = YES;
				INFOPLIST_KEY_UIApplicationSupportsIndirectInputEvents = YES;
				INFOPLIST_KEY_UILaunchScreen_Generation = YES;
				INFOPLIST_KEY_UISupportedInterfaceOrientations_iPad = "UIInterfaceOrientationPortrait UIInterfaceOrientationPortraitUpsideDown UIInterfaceOrientationLandscapeLeft UIInterfaceOrientationLandscapeRight";
				INFOPLIST_KEY_UISupportedInterfaceOrientations_iPhone = "UIInterfaceOrientationPortrait UIInterfaceOrientationLandscapeLeft UIInterfaceOrientationLandscapeRight";
				LD_RUNPATH_SEARCH_PATHS = (
					"$(inherited)",
					"@executable_path/Frameworks",
				);
				MARKETING_VERSION = 1.0;
				PRODUCT_BUNDLE_IDENTIFIER = "com.Firock.QRAlarm-v3";
				PRODUCT_NAME = "$(TARGET_NAME)";
				SWIFT_EMIT_LOC_STRINGS = YES;
				SWIFT_VERSION = 5.0;
				TARGETED_DEVICE_FAMILY = "1,2";
			};
			name = Debug;
		};
		D8095ABA2C43FA0500DE3789 /* Release */ = {
			isa = XCBuildConfiguration;
			buildSettings = {
				ASSETCATALOG_COMPILER_APPICON_NAME = AppIcon;
				ASSETCATALOG_COMPILER_GLOBAL_ACCENT_COLOR_NAME = AccentColor;
				CODE_SIGN_STYLE = Automatic;
				CURRENT_PROJECT_VERSION = 1;
				DEVELOPMENT_ASSET_PATHS = "\"QRAlarm_v3/Preview Content\"";
				DEVELOPMENT_TEAM = YDT7U64PBK;
				ENABLE_PREVIEWS = YES;
				GENERATE_INFOPLIST_FILE = YES;
				INFOPLIST_FILE = "QRAlarm-v3-Info.plist";
				INFOPLIST_KEY_CFBundleDisplayName = "バーコード目覚まし";
				INFOPLIST_KEY_NSCameraUsageDescription = "バーコードの読み取りにカメラを使用します";
				INFOPLIST_KEY_NSUserTrackingUsageDescription = "ユーザー体験の向上の為情報収集を行います";
				INFOPLIST_KEY_UIApplicationSceneManifest_Generation = YES;
				INFOPLIST_KEY_UIApplicationSupportsIndirectInputEvents = YES;
				INFOPLIST_KEY_UILaunchScreen_Generation = YES;
				INFOPLIST_KEY_UISupportedInterfaceOrientations_iPad = "UIInterfaceOrientationPortrait UIInterfaceOrientationPortraitUpsideDown UIInterfaceOrientationLandscapeLeft UIInterfaceOrientationLandscapeRight";
				INFOPLIST_KEY_UISupportedInterfaceOrientations_iPhone = "UIInterfaceOrientationPortrait UIInterfaceOrientationLandscapeLeft UIInterfaceOrientationLandscapeRight";
				LD_RUNPATH_SEARCH_PATHS = (
					"$(inherited)",
					"@executable_path/Frameworks",
				);
				MARKETING_VERSION = 1.0;
				PRODUCT_BUNDLE_IDENTIFIER = "com.Firock.QRAlarm-v3";
				PRODUCT_NAME = "$(TARGET_NAME)";
				SWIFT_EMIT_LOC_STRINGS = YES;
				SWIFT_VERSION = 5.0;
				TARGETED_DEVICE_FAMILY = "1,2";
			};
			name = Release;
		};
		D8095ABC2C43FA0500DE3789 /* Debug */ = {
			isa = XCBuildConfiguration;
			buildSettings = {
				ALWAYS_EMBED_SWIFT_STANDARD_LIBRARIES = YES;
				BUNDLE_LOADER = "$(TEST_HOST)";
				CODE_SIGN_STYLE = Automatic;
				CURRENT_PROJECT_VERSION = 1;
				DEVELOPMENT_TEAM = YDT7U64PBK;
				GENERATE_INFOPLIST_FILE = YES;
				IPHONEOS_DEPLOYMENT_TARGET = 17.5;
				MARKETING_VERSION = 1.0;
				PRODUCT_BUNDLE_IDENTIFIER = "com.Firock.QRAlarm-v3Tests";
				PRODUCT_NAME = "$(TARGET_NAME)";
				SWIFT_EMIT_LOC_STRINGS = NO;
				SWIFT_VERSION = 5.0;
				TARGETED_DEVICE_FAMILY = "1,2";
				TEST_HOST = "$(BUILT_PRODUCTS_DIR)/QRAlarm_v3.app/$(BUNDLE_EXECUTABLE_FOLDER_PATH)/QRAlarm_v3";
			};
			name = Debug;
		};
		D8095ABD2C43FA0500DE3789 /* Release */ = {
			isa = XCBuildConfiguration;
			buildSettings = {
				ALWAYS_EMBED_SWIFT_STANDARD_LIBRARIES = YES;
				BUNDLE_LOADER = "$(TEST_HOST)";
				CODE_SIGN_STYLE = Automatic;
				CURRENT_PROJECT_VERSION = 1;
				DEVELOPMENT_TEAM = YDT7U64PBK;
				GENERATE_INFOPLIST_FILE = YES;
				IPHONEOS_DEPLOYMENT_TARGET = 17.5;
				MARKETING_VERSION = 1.0;
				PRODUCT_BUNDLE_IDENTIFIER = "com.Firock.QRAlarm-v3Tests";
				PRODUCT_NAME = "$(TARGET_NAME)";
				SWIFT_EMIT_LOC_STRINGS = NO;
				SWIFT_VERSION = 5.0;
				TARGETED_DEVICE_FAMILY = "1,2";
				TEST_HOST = "$(BUILT_PRODUCTS_DIR)/QRAlarm_v3.app/$(BUNDLE_EXECUTABLE_FOLDER_PATH)/QRAlarm_v3";
			};
			name = Release;
		};
		D8095ABF2C43FA0500DE3789 /* Debug */ = {
			isa = XCBuildConfiguration;
			buildSettings = {
				ALWAYS_EMBED_SWIFT_STANDARD_LIBRARIES = YES;
				CODE_SIGN_STYLE = Automatic;
				CURRENT_PROJECT_VERSION = 1;
				DEVELOPMENT_TEAM = YDT7U64PBK;
				GENERATE_INFOPLIST_FILE = YES;
				MARKETING_VERSION = 1.0;
				PRODUCT_BUNDLE_IDENTIFIER = "com.Firock.QRAlarm-v3UITests";
				PRODUCT_NAME = "$(TARGET_NAME)";
				SWIFT_EMIT_LOC_STRINGS = NO;
				SWIFT_VERSION = 5.0;
				TARGETED_DEVICE_FAMILY = "1,2";
				TEST_TARGET_NAME = QRAlarm_v3;
			};
			name = Debug;
		};
		D8095AC02C43FA0500DE3789 /* Release */ = {
			isa = XCBuildConfiguration;
			buildSettings = {
				ALWAYS_EMBED_SWIFT_STANDARD_LIBRARIES = YES;
				CODE_SIGN_STYLE = Automatic;
				CURRENT_PROJECT_VERSION = 1;
				DEVELOPMENT_TEAM = YDT7U64PBK;
				GENERATE_INFOPLIST_FILE = YES;
				MARKETING_VERSION = 1.0;
				PRODUCT_BUNDLE_IDENTIFIER = "com.Firock.QRAlarm-v3UITests";
				PRODUCT_NAME = "$(TARGET_NAME)";
				SWIFT_EMIT_LOC_STRINGS = NO;
				SWIFT_VERSION = 5.0;
				TARGETED_DEVICE_FAMILY = "1,2";
				TEST_TARGET_NAME = QRAlarm_v3;
			};
			name = Release;
		};
/* End XCBuildConfiguration section */

/* Begin XCConfigurationList section */
		D8095A8F2C43FA0200DE3789 /* Build configuration list for PBXProject "QRAlarm_v3" */ = {
			isa = XCConfigurationList;
			buildConfigurations = (
				D8095AB62C43FA0500DE3789 /* Debug */,
				D8095AB72C43FA0500DE3789 /* Release */,
			);
			defaultConfigurationIsVisible = 0;
			defaultConfigurationName = Release;
		};
		D8095AB82C43FA0500DE3789 /* Build configuration list for PBXNativeTarget "QRAlarm_v3" */ = {
			isa = XCConfigurationList;
			buildConfigurations = (
				D8095AB92C43FA0500DE3789 /* Debug */,
				D8095ABA2C43FA0500DE3789 /* Release */,
			);
			defaultConfigurationIsVisible = 0;
			defaultConfigurationName = Release;
		};
		D8095ABB2C43FA0500DE3789 /* Build configuration list for PBXNativeTarget "QRAlarm_v3Tests" */ = {
			isa = XCConfigurationList;
			buildConfigurations = (
				D8095ABC2C43FA0500DE3789 /* Debug */,
				D8095ABD2C43FA0500DE3789 /* Release */,
			);
			defaultConfigurationIsVisible = 0;
			defaultConfigurationName = Release;
		};
		D8095ABE2C43FA0500DE3789 /* Build configuration list for PBXNativeTarget "QRAlarm_v3UITests" */ = {
			isa = XCConfigurationList;
			buildConfigurations = (
				D8095ABF2C43FA0500DE3789 /* Debug */,
				D8095AC02C43FA0500DE3789 /* Release */,
			);
			defaultConfigurationIsVisible = 0;
			defaultConfigurationName = Release;
		};
/* End XCConfigurationList section */
	};
	rootObject = D8095A8C2C43FA0200DE3789 /* Project object */;
}
